
Microsoft Visual Studio Solution File, Format Version 11.00
# Visual Studio 2010
Project("{FAE04EC0-301F-11D3-BF4B-00C04F79EFBC}") = "Assembly-CSharp", "Assembly-CSharp.csproj", "{13433808-c5ef-b350-9875-2b2b87d5b095}"
EndProject
Project("{FAE04EC0-301F-11D3-BF4B-00C04F79EFBC}") = "Assembly-CSharp-Editor", "Assembly-CSharp-Editor.csproj", "{0248d14f-7810-4f60-4e8b-cc0fb4da0455}"
EndProject
Global
	GlobalSection(SolutionConfigurationPlatforms) = preSolution
		Debug|Any CPU = Debug|Any CPU
	EndGlobalSection
	GlobalSection(ProjectConfigurationPlatforms) = postSolution
		{13433808-c5ef-b350-9875-2b2b87d5b095}.Debug|Any CPU.ActiveCfg = Debug|Any CPU
		{13433808-c5ef-b350-9875-2b2b87d5b095}.Debug|Any CPU.Build.0 = Debug|Any CPU
		{0248d14f-7810-4f60-4e8b-cc0fb4da0455}.Debug|Any CPU.ActiveCfg = Debug|Any CPU
		{0248d14f-7810-4f60-4e8b-cc0fb4da0455}.Debug|Any CPU.Build.0 = Debug|Any CPU
	EndGlobalSection
	GlobalSection(SolutionProperties) = preSolution
		HideSolutionNode = FALSE
	EndGlobalSection
EndGlobal
